
Microsoft Visual Studio Solution File, Format Version 12.00
# Visual Studio Version 17
VisualStudioVersion = 17.11.35312.102
MinimumVisualStudioVersion = 10.0.40219.1
Project("{FAE04EC0-301F-11D3-BF4B-00C04F79EFBC}") = "Ejemplo4", "Ejemplo4\Ejemplo4.csproj", "{BA426256-47BF-4B39-B2C4-D855B1F32236}"
EndProject
Global
	GlobalSection(SolutionConfigurationPlatforms) = preSolution
		Debug|Any CPU = Debug|Any CPU
		Release|Any CPU = Release|Any CPU
	EndGlobalSection
	GlobalSection(ProjectConfigurationPlatforms) = postSolution
		{BA426256-47BF-4B39-B2C4-D855B1F32236}.Debug|Any CPU.ActiveCfg = Debug|Any CPU
		{BA426256-47BF-4B39-B2C4-D855B1F32236}.Debug|Any CPU.Build.0 = Debug|Any CPU
		{BA426256-47BF-4B39-B2C4-D855B1F32236}.Release|Any CPU.ActiveCfg = Release|Any CPU
		{BA426256-47BF-4B39-B2C4-D855B1F32236}.Release|Any CPU.Build.0 = Release|Any CPU
	EndGlobalSection
	GlobalSection(SolutionProperties) = preSolution
		HideSolutionNode = FALSE
	EndGlobalSection
	GlobalSection(ExtensibilityGlobals) = postSolution
		SolutionGuid = {A2D77C27-C464-4A6E-8422-2087146B3B53}
	EndGlobalSection
EndGlobal
